PODS:
  - AEPAnalytics (3.2.0):
    - AEPCore (>= 3.7.0)
    - AEPServices (>= 3.7.0)
  - AEPAssurance (3.1.1):
    - AEPCore (>= 3.1.0)
    - AEPServices (>= 3.1.0)
  - AEPCore (3.8.2):
    - AEPRulesEngine (>= 1.2.2)
    - AEPServices (>= 3.8.2)
  - AEPEdge (1.6.0):
    - AEPCore (>= 3.7.0)
    - AEPEdgeIdentity (>= 1.2.0)
  - AEPEdgeIdentity (1.2.0):
    - AEPCore (>= 3.7.0)
  - AEPIdentity (3.8.2):
    - AEPCore (>= 3.8.2)
  - AEPLifecycle (3.8.2):
    - AEPCore (>= 3.8.2)
  - AEPRulesEngine (1.2.2)
  - AEPServices (3.8.2)
  - AEPSignal (3.8.2):
    - AEPCore (>= 3.8.2)
  - SwiftLint (0.44.0)

DEPENDENCIES:
  - AEPAnalytics
  - AEPAssurance
  - AEPCore
  - AEPEdge
  - AEPEdgeIdentity
  - AEPIdentity
  - AEPLifecycle
  - AEPServices
  - AEPSignal
  - SwiftLint (= 0.52.0)

SPEC REPOS:
  trunk:
    - AEPAnalytics
    - AEPAssurance
    - AEPCore
    - AEPEdge
    - AEPEdgeIdentity
    - AEPIdentity
    - AEPLifecycle
    - AEPRulesEngine
    - AEPServices
    - AEPSignal


EXTERNAL SOURCES:
  ACPCore:
    :branch: main
    :git: https://github.com/adobe/aep-sdk-compatibility-ios.git

CHECKOUT OPTIONS:
  ACPCore:
    :commit: 12c5e8681905140f0a09e20e2339fed85f4d9ea8
    :git: https://github.com/adobe/aep-sdk-compatibility-ios.git

SPEC CHECKSUMS:
  AEPAnalytics: b83efee29b4323537cbce4b8f146d26cee6cdc80
  AEPAssurance: 92645b36b3295ebefefaf0465ceae750a6307edd
  AEPCore: 52249635f856d5ee4b1042059cd5d55656f368d1
  AEPEdge: e4364a56d358c517f7d4cef87570ac4e7652d3a2
  AEPEdgeIdentity: 6bb2c1e62d48cdc988b4d492e8e6d563f0ced73d
  AEPIdentity: fc074644d0b5e9561a05b3881159aacacb25b944
  AEPLifecycle: 7392d3df030bfbd81166334e88e0b1160d05a43f
  AEPRulesEngine: 354b4374edefaf5bdfa3336ab9a41a07cbae4afe
  AEPServices: 46df834256a392e67f5a24c894eff770bb05d678
  AEPSignal: b3982205017270366d19765d68ca9e9eebb24f67
  SwiftLint: e96c0a8c770c7ebbc4d36c55baf9096bb65c4584

PODFILE CHECKSUM: fdbe0d9cc85b28225db2337717433861315d9d15

COCOAPODS: 1.10.1